
Microsoft Visual Studio Solution File, Format Version 12.00
Project("{FAE04EC0-301F-11D3-BF4B-00C04F79EFBC}") = "FinLibraryModern", "FinLibraryModern\FinLibraryModern.csproj", "{F23BF4B2-859F-4CA4-9D4E-CDBF87AA2C2A}"
EndProject
Project("{FAE04EC0-301F-11D3-BF4B-00C04F79EFBC}") = "FinConsoleApp", "FinConsoleApp\FinConsoleApp.csproj", "{B53EDDE9-7ECD-4E69-9398-E9CC8361628A}"
EndProject
Global
	GlobalSection(SolutionConfigurationPlatforms) = preSolution
		Debug|Any CPU = Debug|Any CPU
		Release|Any CPU = Release|Any CPU
	EndGlobalSection
	GlobalSection(ProjectConfigurationPlatforms) = postSolution
		{F23BF4B2-859F-4CA4-9D4E-CDBF87AA2C2A}.Debug|Any CPU.ActiveCfg = Debug|Any CPU
		{F23BF4B2-859F-4CA4-9D4E-CDBF87AA2C2A}.Debug|Any CPU.Build.0 = Debug|Any CPU
		{F23BF4B2-859F-4CA4-9D4E-CDBF87AA2C2A}.Release|Any CPU.ActiveCfg = Release|Any CPU
		{F23BF4B2-859F-4CA4-9D4E-CDBF87AA2C2A}.Release|Any CPU.Build.0 = Release|Any CPU
		{B53EDDE9-7ECD-4E69-9398-E9CC8361628A}.Debug|Any CPU.ActiveCfg = Debug|Any CPU
		{B53EDDE9-7ECD-4E69-9398-E9CC8361628A}.Debug|Any CPU.Build.0 = Debug|Any CPU
		{B53EDDE9-7ECD-4E69-9398-E9CC8361628A}.Release|Any CPU.ActiveCfg = Release|Any CPU
		{B53EDDE9-7ECD-4E69-9398-E9CC8361628A}.Release|Any CPU.Build.0 = Release|Any CPU
	EndGlobalSection
EndGlobal
